dependencies:
- name: clickhouse
  repository: ""
  version: '*.*.*'
- name: mysql
  repository: ""
  version: '*.*.*'
- name: deepflow-agent
  repository: ""
  version: '*.*.*'
- name: grafana
  repository: https://grafana.github.io/helm-charts
  version: 6.59.4
digest: sha256:45931c6b578b57c0523e791b2ff3cea424f5a2ace2b490421c04f3bc2cb7a93c
generated: "2023-09-21T02:11:55.066068424Z"
